<?xml version="1.0" encoding="utf-8"?>
<Project ToolsVersion="4.0" xmlns="http://schemas.microsoft.com/developer/msbuild/2003">
  <ItemGroup>
    <Filter Include="Configs">
      <UniqueIdentifier>{007928bc-98b3-47c0-a8ac-7d3dc1001ac4}</UniqueIdentifier>
    </Filter>
    <Filter Include="Source Files">
      <UniqueIdentifier>{3cd03911-0222-4349-8ebf-d130ac1c4286}</UniqueIdentifier>
    </Filter>
    <Filter Include="Source Files\Database">
      <UniqueIdentifier>{949b7804-cd19-45d8-84b1-40bbeea21e89}</UniqueIdentifier>
    </Filter>
  </ItemGroup>
  <ItemGroup>
    <ClInclude Include="MySql.h">
      <Filter>Source Files\Database</Filter>
    </ClInclude>
    <ClInclude Include="IDatabase.h">
      <Filter>Source Files\Database</Filter>
    </ClInclude>
    <ClInclude Include="TribeScore.h">
      <Filter>Source Files</Filter>
    </ClInclude>
    <ClInclude Include="Hooks.h">
      <Filter>Source Files</Filter>
    </ClInclude>
    <ClInclude Include="Commands.h">
      <Filter>Source Files</Filter>
    </ClInclude>
    <ClInclude Include="Utils.h">
      <Filter>Source Files</Filter>
    </ClInclude>
  </ItemGroup>
  <ItemGroup>
    <None Include="config.json">
      <Filter>Configs</Filter>
    </None>
    <None Include="structures.json">
      <Filter>Configs</Filter>
    </None>
    <None Include="PluginInfo.json">
      <Filter>Configs</Filter>
    </None>
  </ItemGroup>
  <ItemGroup>
    <ClCompile Include="TribeScore.cpp">
      <Filter>Source Files</Filter>
    </ClCompile>
    <ClCompile Include="Hooks.cpp">
      <Filter>Source Files</Filter>
    </ClCompile>
    <ClCompile Include="Commands.cpp">
      <Filter>Source Files</Filter>
    </ClCompile>
    <ClCompile Include="Utils.cpp">
      <Filter>Source Files</Filter>
    </ClCompile>
  </ItemGroup>
</Project>